// !$*UTF8*$!
{
	archiveVersion = 1;
	classes = {
	};
	objectVersion = 46;
	objects = {

/* Begin PBXBuildFile section */
		035829FF1C13727E00D34341 /* .gitignore in Resources */ = {isa = PBXBuildFile; fileRef = 035829FE1C13727E00D34341 /* .gitignore */; };
		03F9E65B1C1117C6002BB5B4 /* AppDelegate.swift in Sources */ = {isa = PBXBuildFile; fileRef = 03F9E65A1C1117C6002BB5B4 /* AppDelegate.swift */; };
		03F9E65D1C1117C6002BB5B4 /* ViewController.swift in Sources */ = {isa = PBXBuildFile; fileRef = 03F9E65C1C1117C6002BB5B4 /* ViewController.swift */; };
		03F9E6601C1117C6002BB5B4 /* Main.storyboard in Resources */ = {isa = PBXBuildFile; fileRef = 03F9E65E1C1117C6002BB5B4 /* Main.storyboard */; };
		03F9E6621C1117C6002BB5B4 /* Assets.xcassets in Resources */ = {isa = PBXBuildFile; fileRef = 03F9E6611C1117C6002BB5B4 /* Assets.xcassets */; };
		03F9E6651C1117C6002BB5B4 /* LaunchScreen.storyboard in Resources */ = {isa = PBXBuildFile; fileRef = 03F9E6631C1117C6002BB5B4 /* LaunchScreen.storyboard */; };
		03F9E66D1C1120B3002BB5B4 /* SettingsViewController.swift in Sources */ = {isa = PBXBuildFile; fileRef = 03F9E66C1C1120B3002BB5B4 /* SettingsViewController.swift */; };
/* End PBXBuildFile section */

/* Begin PBXFileReference section */
		035829FE1C13727E00D34341 /* .gitignore */ = {isa = PBXFileReference; fileEncoding = 4; lastKnownFileType = text; path = .gitignore; sourceTree = "<group>"; };
		03F9E6571C1117C6002BB5B4 /* TipCalculator.app */ = {isa = PBXFileReference; explicitFileType = wrapper.application; includeInIndex = 0; path = TipCalculator.app; sourceTree = BUILT_PRODUCTS_DIR; };
		03F9E65A1C1117C6002BB5B4 /* AppDelegate.swift */ = {isa = PBXFileReference; lastKnownFileType = sourcecode.swift; path = AppDelegate.swift; sourceTree = "<group>"; };
		03F9E65C1C1117C6002BB5B4 /* ViewController.swift */ = {isa = PBXFileReference; lastKnownFileType = sourcecode.swift; path = ViewController.swift; sourceTree = "<group>"; };
		03F9E65F1C1117C6002BB5B4 /* Base */ = {isa = PBXFileReference; lastKnownFileType = file.storyboard; name = Base; path = Base.lproj/Main.storyboard; sourceTree = "<group>"; };
		03F9E6611C1117C6002BB5B4 /* Assets.xcassets */ = {isa = PBXFileReference; lastKnownFileType = folder.assetcatalog; path = Assets.xcassets; sourceTree = "<group>"; };
		03F9E6641C1117C6002BB5B4 /* Base */ = {isa = PBXFileReference; lastKnownFileType = file.storyboard; name = Base; path = Base.lproj/LaunchScreen.storyboard; sourceTree = "<group>"; };
		03F9E6661C1117C6002BB5B4 /* Info.plist */ = {isa = PBXFileReference; lastKnownFileType = text.plist.xml; path = Info.plist; sourceTree = "<group>"; };
		03F9E66C1C1120B3002BB5B4 /* SettingsViewController.swift */ = {isa = PBXFileReference; fileEncoding = 4; lastKnownFileType = sourcecode.swift; path = SettingsViewController.swift; sourceTree = "<group>"; };
/* End PBXFileReference section */

/* Begin PBXFrameworksBuildPhase section */
		03F9E6541C1117C6002BB5B4 /* Frameworks */ = {
			isa = PBXFrameworksBuildPhase;
			buildActionMask = 2147483647;
			files = (
			);
			runOnlyForDeploymentPostprocessing = 0;
		};
/* End PBXFrameworksBuildPhase section */

/* Begin PBXGroup section */
		03F9E64E1C1117C6002BB5B4 = {
			isa = PBXGroup;
			children = (
				035829FE1C13727E00D34341 /* .gitignore */,
				03F9E6591C1117C6002BB5B4 /* TipCalculator */,
				03F9E6581C1117C6002BB5B4 /* Products */,
			);
			sourceTree = "<group>";
		};
		03F9E6581C1117C6002BB5B4 /* Products */ = {
			isa = PBXGroup;
			children = (
				03F9E6571C1117C6002BB5B4 /* TipCalculator.app */,
			);
			name = Products;
			sourceTree = "<group>";
		};
		03F9E6591C1117C6002BB5B4 /* TipCalculator */ = {
			isa = PBXGroup;
			children = (
				03F9E65A1C1117C6002BB5B4 /* AppDelegate.swift */,
				03F9E65C1C1117C6002BB5B4 /* ViewController.swift */,
				03F9E66C1C1120B3002BB5B4 /* SettingsViewController.swift */,
				03F9E65E1C1117C6002BB5B4 /* Main.storyboard */,
				03F9E6611C1117C6002BB5B4 /* Assets.xcassets */,
				03F9E6631C1117C6002BB5B4 /* LaunchScreen.storyboard */,
				03F9E6661C1117C6002BB5B4 /* Info.plist */,
			);
			path = TipCalculator;
			sourceTree = "<group>";
		};
/* End PBXGroup section */

/* Begin PBXNativeTarget section */
		03F9E6561C1117C6002BB5B4 /* TipCalculator */ = {
			isa = PBXNativeTarget;
			buildConfigurationList = 03F9E6691C1117C6002BB5B4 /* Build configuration list for PBXNativeTarget "TipCalculator" */;
			buildPhases = (
				03F9E6531C1117C6002BB5B4 /* Sources */,
				03F9E6541C1117C6002BB5B4 /* Frameworks */,
				03F9E6551C1117C6002BB5B4 /* Resources */,
			);
			buildRules = (
			);
			dependencies = (
			);
			name = TipCalculator;
			productName = TipCalculator;
			productReference = 03F9E6571C1117C6002BB5B4 /* TipCalculator.app */;
			productType = "com.apple.product-type.application";
		};
/* End PBXNativeTarget section */

/* Begin PBXProject section */
		03F9E64F1C1117C6002BB5B4 /* Project object */ = {
			isa = PBXProject;
			attributes = {
				LastSwiftUpdateCheck = 0710;
				LastUpgradeCheck = 0710;
				ORGANIZATIONNAME = Belmont;
				TargetAttributes = {
					03F9E6561C1117C6002BB5B4 = {
						CreatedOnToolsVersion = 7.1.1;
						DevelopmentTeam = HZNQH22YQM;
					};
				};
			};
			buildConfigurationList = 03F9E6521C1117C6002BB5B4 /* Build configuration list for PBXProject "TipCalculator" */;
			compatibilityVersion = "Xcode 3.2";
			developmentRegion = English;
			hasScannedForEncodings = 0;
			knownRegions = (
				en,
				Base,
			);
			mainGroup = 03F9E64E1C1117C6002BB5B4;
			productRefGroup = 03F9E6581C1117C6002BB5B4 /* Products */;
			projectDirPath = "";
			projectRoot = "";
			targets = (
				03F9E6561C1117C6002BB5B4 /* TipCalculator */,
			);
		};
/* End PBXProject section */

/* Begin PBXResourcesBuildPhase section */
		03F9E6551C1117C6002BB5B4 /* Resources */ = {
			isa = PBXResourcesBuildPhase;
			buildActionMask = 2147483647;
			files = (
				035829FF1C13727E00D34341 /* .gitignore in Resources */,
				03F9E6651C1117C6002BB5B4 /* LaunchScreen.storyboard in Resources */,
				03F9E6621C1117C6002BB5B4 /* Assets.xcassets in Resources */,
				03F9E6601C1117C6002BB5B4 /* Main.storyboard in Resources */,
			);
			runOnlyForDeploymentPostprocessing = 0;
		};
/* End PBXResourcesBuildPhase section */

/* Begin PBXSourcesBuildPhase section */
		03F9E6531C1117C6002BB5B4 /* Sources */ = {
			isa = PBXSourcesBuildPhase;
			buildActionMask = 2147483647;
			files = (
				03F9E65D1C1117C6002BB5B4 /* ViewController.swift in Sources */,
				03F9E65B1C1117C6002BB5B4 /* AppDelegate.swift in Sources */,
				03F9E66D1C1120B3002BB5B4 /* SettingsViewController.swift in Sources */,
			);
			runOnlyForDeploymentPostprocessing = 0;
		};
/* End PBXSourcesBuildPhase section */

/* Begin PBXVariantGroup section */
		03F9E65E1C1117C6002BB5B4 /* Main.storyboard */ = {
			isa = PBXVariantGroup;
			children = (
				03F9E65F1C1117C6002BB5B4 /* Base */,
			);
			name = Main.storyboard;
			sourceTree = "<group>";
		};
		03F9E6631C1117C6002BB5B4 /* LaunchScreen.storyboard */ = {
			isa = PBXVariantGroup;
			children = (
				03F9E6641C1117C6002BB5B4 /* Base */,
			);
			name = LaunchScreen.storyboard;
			sourceTree = "<group>";
		};
/* End PBXVariantGroup section */

/* Begin XCBuildConfiguration section */
		03F9E6671C1117C6002BB5B4 /* Debug */ = {
			isa = XCBuildConfiguration;
			buildSettings = {
				ALWAYS_SEARCH_USER_PATHS = NO;
				CLANG_CXX_LANGUAGE_STANDARD = "gnu++0x";
				CLANG_CXX_LIBRARY = "libc++";
				CLANG_ENABLE_MODULES = YES;
				CLANG_ENABLE_OBJC_ARC = YES;
				CLANG_WARN_BOOL_CONVERSION = YES;
				CLANG_WARN_CONSTANT_CONVERSION = YES;
				CLANG_WARN_DIRECT_OBJC_ISA_USAGE = YES_ERROR;
				CLANG_WARN_EMPTY_BODY = YES;
				CLANG_WARN_ENUM_CONVERSION = YES;
				CLANG_WARN_INT_CONVERSION = YES;
				CLANG_WARN_OBJC_ROOT_CLASS = YES_ERROR;
				CLANG_WARN_UNREACHABLE_CODE = YES;
				CLANG_WARN__DUPLICATE_METHOD_MATCH = YES;
				"CODE_SIGN_IDENTITY[sdk=iphoneos*]" = "iPhone Developer";
				COPY_PHASE_STRIP = NO;
				DEBUG_INFORMATION_FORMAT = dwarf;
				ENABLE_STRICT_OBJC_MSGSEND = YES;
				ENABLE_TESTABILITY = YES;
				GCC_C_LANGUAGE_STANDARD = gnu99;
				GCC_DYNAMIC_NO_PIC = NO;
				GCC_NO_COMMON_BLOCKS = YES;
				GCC_OPTIMIZATION_LEVEL = 0;
				GCC_PREPROCESSOR_DEFINITIONS = (
					"DEBUG=1",
					"$(inherited)",
				);
				GCC_WARN_64_TO_32_BIT_CONVERSION = YES;
				GCC_WARN_ABOUT_RETURN_TYPE = YES_ERROR;
				GCC_WARN_UNDECLARED_SELECTOR = YES;
				GCC_WARN_UNINITIALIZED_AUTOS = YES_AGGRESSIVE;
				GCC_WARN_UNUSED_FUNCTION = YES;
				GCC_WARN_UNUSED_VARIABLE = YES;
				IPHONEOS_DEPLOYMENT_TARGET = 9.1;
				MTL_ENABLE_DEBUG_INFO = YES;
				ONLY_ACTIVE_ARCH = YES;
				SDKROOT = iphoneos;
				SWIFT_OPTIMIZATION_LEVEL = "-Onone";
				TARGETED_DEVICE_FAMILY = "1,2";
			};
			name = Debug;
		};
		03F9E6681C1117C6002BB5B4 /* Release */ = {
			isa = XCBuildConfiguration;
			buildSettings = {
				ALWAYS_SEARCH_USER_PATHS = NO;
				CLANG_CXX_LANGUAGE_STANDARD = "gnu++0x";
				CLANG_CXX_LIBRARY = "libc++";
				CLANG_ENABLE_MODULES = YES;
				CLANG_ENABLE_OBJC_ARC = YES;
				CLANG_WARN_BOOL_CONVERSION = YES;
				CLANG_WARN_CONSTANT_CONVERSION = YES;
				CLANG_WARN_DIRECT_OBJC_ISA_USAGE = YES_ERROR;
				CLANG_WARN_EMPTY_BODY = YES;
				CLANG_WARN_ENUM_CONVERSION = YES;
				CLANG_WARN_INT_CONVERSION = YES;
				CLANG_WARN_OBJC_ROOT_CLASS = YES_ERROR;
				CLANG_WARN_UNREACHABLE_CODE = YES;
				CLANG_WARN__DUPLICATE_METHOD_MATCH = YES;
				"CODE_SIGN_IDENTITY[sdk=iphoneos*]" = "iPhone Developer";
				COPY_PHASE_STRIP = NO;
				DEBUG_INFORMATION_FORMAT = "dwarf-with-dsym";
				ENABLE_NS_ASSERTIONS = NO;
				ENABLE_STRICT_OBJC_MSGSEND = YES;
				GCC_C_LANGUAGE_STANDARD = gnu99;
				GCC_NO_COMMON_BLOCKS = YES;
				GCC_WARN_64_TO_32_BIT_CONVERSION = YES;
				GCC_WARN_ABOUT_RETURN_TYPE = YES_ERROR;
				GCC_WARN_UNDECLARED_SELECTOR = YES;
				GCC_WARN_UNINITIALIZED_AUTOS = YES_AGGRESSIVE;
				GCC_WARN_UNUSED_FUNCTION = YES;
				GCC_WARN_UNUSED_VARIABLE = YES;
				IPHONEOS_DEPLOYMENT_TARGET = 9.1;
				MTL_ENABLE_DEBUG_INFO = NO;
				SDKROOT = iphoneos;
				TARGETED_DEVICE_FAMILY = "1,2";
				VALIDATE_PRODUCT = YES;
			};
			name = Release;
		};
		03F9E66A1C1117C6002BB5B4 /* Debug */ = {
			isa = XCBuildConfiguration;
			buildSettings = {
				ASSETCATALOG_COMPILER_APPICON_NAME = AppIcon;
				INFOPLIST_FILE = TipCalculator/Info.plist;
				LD_RUNPATH_SEARCH_PATHS = "$(inherited) @executable_path/Frameworks";
				PRODUCT_BUNDLE_IDENTIFIER = com.Belmont.TipCalculator;
				PRODUCT_NAME = "$(TARGET_NAME)";
			};
			name = Debug;
		};
		03F9E66B1C1117C6002BB5B4 /* Release */ = {
			isa = XCBuildConfiguration;
			buildSettings = {
				ASSETCATALOG_COMPILER_APPICON_NAME = AppIcon;
				INFOPLIST_FILE = TipCalculator/Info.plist;
				LD_RUNPATH_SEARCH_PATHS = "$(inherited) @executable_path/Frameworks";
				PRODUCT_BUNDLE_IDENTIFIER = com.Belmont.TipCalculator;
				PRODUCT_NAME = "$(TARGET_NAME)";
			};
			name = Release;
		};
/* End XCBuildConfiguration section */

/* Begin XCConfigurationList section */
		03F9E6521C1117C6002BB5B4 /* Build configuration list for PBXProject "TipCalculator" */ = {
			isa = XCConfigurationList;
			buildConfigurations = (
				03F9E6671C1117C6002BB5B4 /* Debug */,
				03F9E6681C1117C6002BB5B4 /* Release */,
			);
			defaultConfigurationIsVisible = 0;
			defaultConfigurationName = Release;
		};
		03F9E6691C1117C6002BB5B4 /* Build configuration list for PBXNativeTarget "TipCalculator" */ = {
			isa = XCConfigurationList;
			buildConfigurations = (
				03F9E66A1C1117C6002BB5B4 /* Debug */,
				03F9E66B1C1117C6002BB5B4 /* Release */,
			);
			defaultConfigurationIsVisible = 0;
			defaultConfigurationName = Release;
		};
/* End XCConfigurationList section */
	};
	rootObject = 03F9E64F1C1117C6002BB5B4 /* Project object */;
}
